{
  "requires": true,
  "lockfileVersion": 1,
  "dependencies": {
    "keyword-extractor": {
      "version": "0.0.20",
      "resolved": "https://registry.npmjs.org/keyword-extractor/-/keyword-extractor-0.0.20.tgz",
      "integrity": "sha512-VXMhJkmNqVZ+HbAyQx5rn7ssC8gumfgdFEfO9bYKAT5T8GrZKgtigH8tYT1pti7WuU86FbsCQfsJXI3lfvWsHA=="
    }
  }
}
